
Microsoft Visual Studio Solution File, Format Version 12.00
# Visual Studio Version 16
VisualStudioVersion = 16.0.31624.102
MinimumVisualStudioVersion = 10.0.40219.1
Project("{FAE04EC0-301F-11D3-BF4B-00C04F79EFBC}") = "MathIdeas", "MathIdeas\MathIdeas.csproj", "{EDDCABB4-E2DC-4C7A-9F9D-CBB7E1F2B580}"
EndProject
Global
	GlobalSection(SolutionConfigurationPlatforms) = preSolution
		Debug|Any CPU = Debug|Any CPU
		Release|Any CPU = Release|Any CPU
	EndGlobalSection
	GlobalSection(ProjectConfigurationPlatforms) = postSolution
		{EDDCABB4-E2DC-4C7A-9F9D-CBB7E1F2B580}.Debug|Any CPU.ActiveCfg = Debug|Any CPU
		{EDDCABB4-E2DC-4C7A-9F9D-CBB7E1F2B580}.Debug|Any CPU.Build.0 = Debug|Any CPU
		{EDDCABB4-E2DC-4C7A-9F9D-CBB7E1F2B580}.Release|Any CPU.ActiveCfg = Release|Any CPU
		{EDDCABB4-E2DC-4C7A-9F9D-CBB7E1F2B580}.Release|Any CPU.Build.0 = Release|Any CPU
	EndGlobalSection
	GlobalSection(SolutionProperties) = preSolution
		HideSolutionNode = FALSE
	EndGlobalSection
	GlobalSection(ExtensibilityGlobals) = postSolution
		SolutionGuid = {C0F70C12-D08F-4F85-8E56-49C876C0CD82}
	EndGlobalSection
EndGlobal
